{
  "version": 1,
  "dependencies": {
    "net10.0-windows7.0": {
      "Microsoft.NET.Test.Sdk": {
        "type": "Direct",
        "requested": "[18.6.0, )",
        "resolved": "18.6.0",
        "contentHash": "kAIBt0MsYR0o2RULmlW5BhQ1ha50aGEgLKG4f1p0kePBGLJCprqs3S+NxRrYN8UH7mSQRPKpeiH9mwPMEKUObQ==",
        "dependencies": {
          "Microsoft.CodeCoverage": "18.6.0",
          "Microsoft.TestPlatform.TestHost": "18.6.0"
        }
      },
      "xunit.runner.visualstudio": {
        "type": "Direct",
        "requested": "[3.1.5, )",
        "resolved": "3.1.5",
        "contentHash": "tKi7dSTwP4m5m9eXPM2Ime4Kn7xNf4x4zT9sdLO/G4hZVnQCRiMTWoSZqI/pYTVeI27oPPqHBKYI/DjJ9GsYgA=="
      },
      "xunit.v3": {
        "type": "Direct",
        "requested": "[3.2.2, )",
        "resolved": "3.2.2",
        "contentHash": "L+4/4y0Uqcg8/d6hfnxhnwh4j9FaeULvefTwrk30rr1o4n/vdPfyUQ8k0yzH8VJx7bmFEkDdcRfbtbjEHlaYcA==",
        "dependencies": {
          "xunit.v3.mtp-v1": "[3.2.2]"
        }
      },
      "BlackSharp.Core": {
        "type": "Transitive",
        "resolved": "1.0.7",
        "contentHash": "LbEc4w0oZ7w4p6+8OjPZgwsJW470aQRuYZgZ9aMN2PW9R79pW3OnZQ32AVVx/21rstX9mKbXaOLWpSAxoANYxQ=="
      },
      "CommunityToolkit.Mvvm": {
        "type": "Transitive",
        "resolved": "8.4.2",
        "contentHash": "WadCzGEc2U+3e20avRLng4qNtt4zoOGWrdUISqJWrHe3/FSnrYjuM5Sb4yQb09LhkBXrrI4Zt3dLKgRMbItsrg=="
      },
      "DiskInfoToolkit": {
        "type": "Transitive",
        "resolved": "1.1.2",
        "contentHash": "vN46svt1hQDkm269p6CzfwDpb/fbyp8oNQuePcvjNSryPLfsxIJZU8amEhir+x5bsKd0ymOXTySzPwFO8o0dpw==",
        "dependencies": {
          "BlackSharp.Core": "1.0.7"
        }
      },
      "HidSharp": {
        "type": "Transitive",
        "resolved": "2.6.4",
        "contentHash": "UcGvtnXFcatwHBXr+ei8GEXvg//wjGmDGQ6Xvb+7M4vHjURAhSLIJ+dSZv0BnAhQEpNlH8G4P7JxYnMH8Aph4g=="
      },
      "LibreHardwareMonitorLib": {
        "type": "Transitive",
        "resolved": "0.9.6",
        "contentHash": "W4hQ5Ja51/1cEDZnh9kG5UHFBwjjY2+oIpSUhSsgeYXKRKezrkw3sEFrhQkrOuo53xkXyfWV8ZErMqQuGqWIMQ==",
        "dependencies": {
          "DiskInfoToolkit": "1.1.2",
          "HidSharp": "2.6.4",
          "Mono.Posix.NETStandard": "1.0.0",
          "RAMSPDToolkit-NDD": "1.4.2",
          "System.IO.FileSystem.AccessControl": "5.0.0",
          "System.IO.Ports": "10.0.3",
          "System.Management": "10.0.2"
        }
      },
      "Microsoft.ApplicationInsights": {
        "type": "Transitive",
        "resolved": "2.23.0",
        "contentHash": "nWArUZTdU7iqZLycLKWe0TDms48KKGE6pONH2terYNa8REXiqixrMOkf1sk5DHGMaUTqONU2YkS4SAXBhLStgw=="
      },
      "Microsoft.Bcl.AsyncInterfaces": {
        "type": "Transitive",
        "resolved": "6.0.0",
        "contentHash": "UcSjPsst+DfAdJGVDsu346FX0ci0ah+lw3WRtn18NUwEqRt70HaOQ7lI72vy3+1LxtqI3T5GWwV39rQSrCzAeg=="
      },
      "Microsoft.CodeCoverage": {
        "type": "Transitive",
        "resolved": "18.6.0",
        "contentHash": "bkmCXn/65Cd0LdO2zTb/ValGAJ1H8y/CgYOiBb3jsDyHI3Y1ljKx6RBvhvn3e5D/4R4I00RRwLf+Bd2Sn6bJjA=="
      },
      "Microsoft.Testing.Extensions.Telemetry": {
        "type": "Transitive",
        "resolved": "1.9.1",
        "contentHash": "No5AudZMmSb+uNXjlgL2y3/stHD2IT4uxqc5yHwkE+/nNux9jbKcaJMvcp9SwgP4DVD8L9/P3OUz8mmmcvEIdQ==",
        "dependencies": {
          "Microsoft.ApplicationInsights": "2.23.0",
          "Microsoft.Testing.Platform": "1.9.1"
        }
      },
      "Microsoft.Testing.Extensions.TrxReport.Abstractions": {
        "type": "Transitive",
        "resolved": "1.9.1",
        "contentHash": "AL46Xe1WBi85Ntd4mNPvat5ZSsZ2uejiVqoKCypr8J3wK0elA5xJ3AN4G/Q4GIwzUFnggZoH/DBjnr9J18IO/g==",
        "dependencies": {
          "Microsoft.Testing.Platform": "1.9.1"
        }
      },
      "Microsoft.Testing.Platform": {
        "type": "Transitive",
        "resolved": "1.9.1",
        "contentHash": "QafNtNSmEI0zazdebnsIkDKmFtTSpmx/5PLOjURWwozcPb3tvRxzosQSL8xwYNM1iPhhKiBksXZyRSE2COisrA=="
      },
      "Microsoft.Testing.Platform.MSBuild": {
        "type": "Transitive",
        "resolved": "1.9.1",
        "contentHash": "oTUtyR4X/s9ytuiNA29FGsNCCH0rNmY5Wdm14NCKLjTM1cT9edVSlA+rGS/mVmusPqcP0l/x9qOnMXg16v87RQ==",
        "dependencies": {
          "Microsoft.Testing.Platform": "1.9.1"
        }
      },
      "Microsoft.TestPlatform.ObjectModel": {
        "type": "Transitive",
        "resolved": "18.6.0",
        "contentHash": "gQTW4BIfM2ZLxixo9ITXoulLKjn20FiiHtqTsx9PENqTrX7368ZeJ5L0QZJyReXDWORPRV8jXwZR6Aar8JOyaA=="
      },
      "Microsoft.TestPlatform.TestHost": {
        "type": "Transitive",
        "resolved": "18.6.0",
        "contentHash": "em1eLz5Q46+hsCtAXdXggWAPd9gQyT4ngdsQ7k1eWvQgpsjtS/wAOJ/5TteieFdiAvrEq1iVn00LtusAxRaVmQ==",
        "dependencies": {
          "Microsoft.TestPlatform.ObjectModel": "18.6.0",
          "Newtonsoft.Json": "13.0.3"
        }
      },
      "Microsoft.Win32.Registry": {
        "type": "Transitive",
        "resolved": "5.0.0",
        "contentHash": "dDoKi0PnDz31yAyETfRntsLArTlVAVzUzCIvvEDsDsucrl33Dl8pIJG06ePTJTI3tGpeyHS9Cq7Foc/s4EeKcg=="
      },
      "Mono.Posix.NETStandard": {
        "type": "Transitive",
        "resolved": "1.0.0",
        "contentHash": "vSN/L1uaVwKsiLa95bYu2SGkF0iY3xMblTfxc8alSziPuVfJpj3geVqHGAA75J7cZkMuKpFVikz82Lo6y6LLdA=="
      },
      "Newtonsoft.Json": {
        "type": "Transitive",
        "resolved": "13.0.3",
        "contentHash": "HrC5BXdl00IP9zeV+0Z848QWPAoCr9P3bDEZguI+gkLcBKAOxix/tLEAAHC+UvDNPv4a2d18lOReHMOagPa+zQ=="
      },
      "RAMSPDToolkit-NDD": {
        "type": "Transitive",
        "resolved": "1.4.2",
        "contentHash": "pqIwn/HqXFnW4FVKybq6gZh3YK14OOLGWkgZzDdewjAInCOu86EO2L+FCQo8j1/v1sKwv+vgX5pnehxyrlJYJw==",
        "dependencies": {
          "BlackSharp.Core": "1.0.4",
          "System.Management": "10.0.0"
        }
      },
      "runtime.android-arm.runtime.native.System.IO.Ports": {
        "type": "Transitive",
        "resolved": "10.0.3",
        "contentHash": "6W4qZX0X7FF+PHM9Kaa5ZsTLcGJAzCU7FB4Tjy1vTg2rUIEjDqijWTtpz8vY6gBzZaG+tD0/EKUyGnfq6d/d/Q=="
      },
      "runtime.android-arm64.runtime.native.System.IO.Ports": {
        "type": "Transitive",
        "resolved": "10.0.3",
        "contentHash": "4OdNg2Du1kvm0b4tSErkA4wfH32YmgUqeSLzekk6NdCR61brCp4vttTJl0epZMwbRppXuy/jY7pV0WtP4ymnfQ=="
      },
      "runtime.android-x64.runtime.native.System.IO.Ports": {
        "type": "Transitive",
        "resolved": "10.0.3",
        "contentHash": "nP7xJSDSqRktV4kEd0kr4n0xhzJFuQjh7L/AgrKB3C4QK5TA/8NimJmTl1ogngvnXn2vilH2Hk+keBIvuoGWCA=="
      },
      "runtime.android-x86.runtime.native.System.IO.Ports": {
        "type": "Transitive",
        "resolved": "10.0.3",
        "contentHash": "f/neqijoVpgl/PcrXYeLNfCC2t74XYIcaHvtSaF3zaIdJ3hf5wrwRC9gzYLXHRLg/j4DRsCHEw8rlux/dNh7XA=="
      },
      "runtime.linux-arm.runtime.native.System.IO.Ports": {
        "type": "Transitive",
        "resolved": "10.0.3",
        "contentHash": "cwiQmy95Zd42K4kMzDt8GkXNKHWDkRZIIyb3MteRrgJKubH2DMA6VY3JiFeR+1hQ7i31Ck+dYyt8wUkElZ/NrQ=="
      },
      "runtime.linux-arm64.runtime.native.System.IO.Ports": {
        "type": "Transitive",
        "resolved": "10.0.3",
        "contentHash": "cEx+Xm0ZNPsuoYTFwXZ6qRstwXQ7vJjbb3jWzo5s5xIeEgpTDdfiUjTgK3Gl618mWgb7+Gn6Vt5pT07RxFC28Q=="
      },
      "runtime.linux-bionic-arm64.runtime.native.System.IO.Ports": {
        "type": "Transitive",
        "resolved": "10.0.3",
        "contentHash": "kB21sNzlKgTj3V/LZhnTLFuViiGKtkiUG2GdEW+z3jdeUtRoxqBBXryzMqy0oUOy5idBW2pA6bh+iLGaj+GThA=="
      },
      "runtime.linux-bionic-x64.runtime.native.System.IO.Ports": {
        "type": "Transitive",
        "resolved": "10.0.3",
        "contentHash": "/Ud7EYdpnBGJ/x7DdqVFEJOQtEcf9rsD6/1iyUBJNfhhs8JljZLewJHp1cXr1DVCaWWc9jSWIc4g+QpMct/22A=="
      },
      "runtime.linux-musl-arm.runtime.native.System.IO.Ports": {
        "type": "Transitive",
        "resolved": "10.0.3",
        "contentHash": "pBubukkmXD9e4Ju004bEHL3TE5mYahONCVwrJ5b+7/cj8smSY2H5sKTyURiVF1EfX55yORKyTyQ3dALA5yTTlg=="
      },
      "runtime.linux-musl-arm64.runtime.native.System.IO.Ports": {
        "type": "Transitive",
        "resolved": "10.0.3",
        "contentHash": "+FR6SvpZya66Wv26MVEK4l2gnjfZnBVUz675eaTcMQ/KWAy+GMaPyhRaBIMnQJf5gfuu3x1qgeAzpmeFkOPGBw=="
      },
      "runtime.linux-musl-x64.runtime.native.System.IO.Ports": {
        "type": "Transitive",
        "resolved": "10.0.3",
        "contentHash": "Ee1XnOSKgeJGBcnd7LLLkyXEbE/JcpQ3pUlbPXqugl0YD55jVubpYebzGYI+ilrnBLCRiV0BR822b2XmerIKGw=="
      },
      "runtime.linux-x64.runtime.native.System.IO.Ports": {
        "type": "Transitive",
        "resolved": "10.0.3",
        "contentHash": "U+Zr1KuBDIIwgR2gTMFbBAtkr4WnKdEXxmknPa3X8Qy6oCi4+MTRmq2zmTh7wxXQXTdmhfXg2tyy7DuVHtB+xQ=="
      },
      "runtime.maccatalyst-arm64.runtime.native.System.IO.Ports": {
        "type": "Transitive",
        "resolved": "10.0.3",
        "contentHash": "9yTgh3ZKCBTGEO4YS76g/K15s2qSdeEZDqWteixUPeRsETsuBUwUPF39Fk39OPlRgwhqEuhtHy1Hf6BSOETfAg=="
      },
      "runtime.maccatalyst-x64.runtime.native.System.IO.Ports": {
        "type": "Transitive",
        "resolved": "10.0.3",
        "contentHash": "0gxqUZYQ1T1o5VzgyEMKiSPKJtPbleF2nbjZa5QKZQvPgSlrZFL+FrW4LywIk2scOpXu+Vd5Mv8AGGV7slhYWA=="
      },
      "runtime.native.System.IO.Ports": {
        "type": "Transitive",
        "resolved": "10.0.3",
        "contentHash": "7U3HW0JzAeg9PWaYBcyWLFMq2RSexgJ8uVCR3E2QVJJ/IZnRT0wYRhyEx3zBSbKYzN3KE6MDiRd6CN4hR7YkqA==",
        "dependencies": {
          "runtime.android-arm.runtime.native.System.IO.Ports": "10.0.3",
          "runtime.android-arm64.runtime.native.System.IO.Ports": "10.0.3",
          "runtime.android-x64.runtime.native.System.IO.Ports": "10.0.3",
          "runtime.android-x86.runtime.native.System.IO.Ports": "10.0.3",
          "runtime.linux-arm.runtime.native.System.IO.Ports": "10.0.3",
          "runtime.linux-arm64.runtime.native.System.IO.Ports": "10.0.3",
          "runtime.linux-bionic-arm64.runtime.native.System.IO.Ports": "10.0.3",
          "runtime.linux-bionic-x64.runtime.native.System.IO.Ports": "10.0.3",
          "runtime.linux-musl-arm.runtime.native.System.IO.Ports": "10.0.3",
          "runtime.linux-musl-arm64.runtime.native.System.IO.Ports": "10.0.3",
          "runtime.linux-musl-x64.runtime.native.System.IO.Ports": "10.0.3",
          "runtime.linux-x64.runtime.native.System.IO.Ports": "10.0.3",
          "runtime.maccatalyst-arm64.runtime.native.System.IO.Ports": "10.0.3",
          "runtime.maccatalyst-x64.runtime.native.System.IO.Ports": "10.0.3",
          "runtime.osx-arm64.runtime.native.System.IO.Ports": "10.0.3",
          "runtime.osx-x64.runtime.native.System.IO.Ports": "10.0.3"
        }
      },
      "runtime.osx-arm64.runtime.native.System.IO.Ports": {
        "type": "Transitive",
        "resolved": "10.0.3",
        "contentHash": "qnEjXlIazxaRAhBet0EupWoJQ9PKsXjThpMKGP/ZsCjZgHEb+zs9wft82wY27OagyPOCg9D4hJHWKt5LTbJNZg=="
      },
      "runtime.osx-x64.runtime.native.System.IO.Ports": {
        "type": "Transitive",
        "resolved": "10.0.3",
        "contentHash": "L1gcOL5kcfeeujKQbqJmpeTLsT0c6DeaJ9w6PY9oZ+/WESyya+Zj7StKguXR5j93o3o86FjcN05yufpoCz7R2g=="
      },
      "System.CodeDom": {
        "type": "Transitive",
        "resolved": "10.0.9",
        "contentHash": "scH7O8oAuOMyZKOEiOQB3ZVz6x9XkrZNKNeWVCxdvkJHSy4SYXyinGK0o2Rn5LiGh+ovezziT2WCdqWKa7WMKA=="
      },
      "System.Configuration.ConfigurationManager": {
        "type": "Transitive",
        "resolved": "10.0.9",
        "contentHash": "k7kYSTmNjwFYKdUju+rjYyigbcUBj1sElR3ayqszcatPXL9YJoBANJN48xctdXTopYf3ceFX2T4m1xvJRM+CGA==",
        "dependencies": {
          "System.Diagnostics.EventLog": "10.0.9",
          "System.Security.Cryptography.ProtectedData": "10.0.9"
        }
      },
      "System.Diagnostics.EventLog": {
        "type": "Transitive",
        "resolved": "10.0.9",
        "contentHash": "s2PcxHK4IYQ6gmD3VSBkym9tWGkFisKjcjWBdl7a+n4Yy66ae4beJ1ZdjDp060SSll4W3Rt4H2LW87dWckv+QQ=="
      },
      "System.Diagnostics.PerformanceCounter": {
        "type": "Transitive",
        "resolved": "10.0.9",
        "contentHash": "brTyfKYxhpaXyh244XpQZ6vDUtT+fEOUjYlJxZVhkiPLBPzutDCfkIkClsdEbOlv0wLH/YSeq0rMUHGGcdWK9Q==",
        "dependencies": {
          "System.Configuration.ConfigurationManager": "10.0.9"
        }
      },
      "System.IO.FileSystem.AccessControl": {
        "type": "Transitive",
        "resolved": "5.0.0",
        "contentHash": "SxHB3nuNrpptVk+vZ/F+7OHEpoHUIKKMl02bUmYHQr1r+glbZQxs7pRtsf4ENO29TVm2TH3AEeep2fJcy92oYw=="
      },
      "System.IO.Ports": {
        "type": "Transitive",
        "resolved": "10.0.3",
        "contentHash": "Zs04mZ/dQtaFQ+hpQNDtijBs+6aM9j2fQPp8zNZTfh8DboVNNv7Sw6gH00hT+PVcAhEozlfT+n59Svm6Ug8ROA==",
        "dependencies": {
          "runtime.native.System.IO.Ports": "10.0.3"
        }
      },
      "System.Management": {
        "type": "Transitive",
        "resolved": "10.0.9",
        "contentHash": "8mfTzHLlMHCqFE1+iFGzxRCeCb2gDqvRQtZthuksYB+z546QZaFCiagbJ2KXHe7dy5ZpCUg/usaIqc2DxiemPw==",
        "dependencies": {
          "System.CodeDom": "10.0.9"
        }
      },
      "System.Security.Cryptography.ProtectedData": {
        "type": "Transitive",
        "resolved": "10.0.9",
        "contentHash": "vXp+vBQbTkMrDzUiPCxo1KvzfaAvZWuSRS2P7e5orhtV7ZuePKAB3Cqc9dH2YHUavRJyA2uWd2yrL6hl2VoJ5g=="
      },
      "Velopack": {
        "type": "Transitive",
        "resolved": "1.2.0",
        "contentHash": "Rz67gJL619fSBS6omaSINUxyDuwhIxkm5mmubf7uLd5Qgi6LLKaKCha+QFP6n+Bw/UjA0vutnH4JQfYzn6ANtw=="
      },
      "xunit.analyzers": {
        "type": "Transitive",
        "resolved": "1.27.0",
        "contentHash": "y/pxIQaLvk/kxAoDkZW9GnHLCEqzwl5TW0vtX3pweyQpjizB9y3DXhb9pkw2dGeUqhLjsxvvJM1k89JowU6z3g=="
      },
      "xunit.v3.assert": {
        "type": "Transitive",
        "resolved": "3.2.2",
        "contentHash": "BPciBghgEEaJN/JG00QfCYDfEfnLgQhfnYEy+j1izoeHVNYd5+3Wm8GJ6JgYysOhpBPYGE+sbf75JtrRc7jrdA=="
      },
      "xunit.v3.common": {
        "type": "Transitive",
        "resolved": "3.2.2",
        "contentHash": "Hj775PEH6GTbbg0wfKRvG2hNspDCvTH9irXhH4qIWgdrOSV1sQlqPie+DOvFeigsFg2fxSM3ZAaaCDQs+KreFA==",
        "dependencies": {
          "Microsoft.Bcl.AsyncInterfaces": "6.0.0"
        }
      },
      "xunit.v3.core.mtp-v1": {
        "type": "Transitive",
        "resolved": "3.2.2",
        "contentHash": "Ga5aA2Ca9ktz+5k3g5ukzwfexwoqwDUpV6z7atSEUvqtd6JuybU1XopHqg1oFd78QdTfZgZE9h5sHpO4qYIi5w==",
        "dependencies": {
          "Microsoft.Testing.Extensions.Telemetry": "1.9.1",
          "Microsoft.Testing.Extensions.TrxReport.Abstractions": "1.9.1",
          "Microsoft.Testing.Platform": "1.9.1",
          "Microsoft.Testing.Platform.MSBuild": "1.9.1",
          "xunit.v3.extensibility.core": "[3.2.2]",
          "xunit.v3.runner.inproc.console": "[3.2.2]"
        }
      },
      "xunit.v3.extensibility.core": {
        "type": "Transitive",
        "resolved": "3.2.2",
        "contentHash": "srY8z/oMPvh/t8axtO2DwrHajhFMH7tnqKildvYrVQIfICi8fOn3yIBWkVPAcrKmHMwvXRJ/XsQM3VMR6DOYfQ==",
        "dependencies": {
          "xunit.v3.common": "[3.2.2]"
        }
      },
      "xunit.v3.mtp-v1": {
        "type": "Transitive",
        "resolved": "3.2.2",
        "contentHash": "O41aAzYKBT5PWqATa1oEWVNCyEUypFQ4va6K0kz37dduV3EKzXNMaV2UnEhufzU4Cce1I33gg0oldS8tGL5I0A==",
        "dependencies": {
          "xunit.analyzers": "1.27.0",
          "xunit.v3.assert": "[3.2.2]",
          "xunit.v3.core.mtp-v1": "[3.2.2]"
        }
      },
      "xunit.v3.runner.common": {
        "type": "Transitive",
        "resolved": "3.2.2",
        "contentHash": "/hkHkQCzGrugelOAehprm7RIWdsUFVmIVaD6jDH/8DNGCymTlKKPTbGokD5czbAfqfex47mBP0sb0zbHYwrO/g==",
        "dependencies": {
          "Microsoft.Win32.Registry": "[5.0.0]",
          "xunit.v3.common": "[3.2.2]"
        }
      },
      "xunit.v3.runner.inproc.console": {
        "type": "Transitive",
        "resolved": "3.2.2",
        "contentHash": "ulWOdSvCk+bPXijJZ73bth9NyoOHsAs1ZOvamYbCkD4DNLX/Bd29Ve2ZNUwBbK0MqfIYWXHZViy/HKrdEC/izw==",
        "dependencies": {
          "xunit.v3.extensibility.core": "[3.2.2]",
          "xunit.v3.runner.common": "[3.2.2]"
        }
      },
      "partitionpilot": {
        "type": "Project",
        "dependencies": {
          "CommunityToolkit.Mvvm": "[8.4.2, )",
          "PartitionPilot.Core": "[0.9.2, )"
        }
      },
      "partitionpilot.core": {
        "type": "Project",
        "dependencies": {
          "LibreHardwareMonitorLib": "[0.9.6, )",
          "System.Diagnostics.PerformanceCounter": "[10.0.9, )",
          "System.Management": "[10.0.9, )",
          "Velopack": "[1.2.0, )"
        }
      }
    },
    "net10.0-windows7.0/win-x64": {
      "LibreHardwareMonitorLib": {
        "type": "Transitive",
        "resolved": "0.9.6",
        "contentHash": "W4hQ5Ja51/1cEDZnh9kG5UHFBwjjY2+oIpSUhSsgeYXKRKezrkw3sEFrhQkrOuo53xkXyfWV8ZErMqQuGqWIMQ==",
        "dependencies": {
          "DiskInfoToolkit": "1.1.2",
          "HidSharp": "2.6.4",
          "Mono.Posix.NETStandard": "1.0.0",
          "RAMSPDToolkit-NDD": "1.4.2",
          "System.IO.FileSystem.AccessControl": "5.0.0",
          "System.IO.Ports": "10.0.3",
          "System.Management": "10.0.2"
        }
      },
      "Microsoft.Win32.Registry": {
        "type": "Transitive",
        "resolved": "5.0.0",
        "contentHash": "dDoKi0PnDz31yAyETfRntsLArTlVAVzUzCIvvEDsDsucrl33Dl8pIJG06ePTJTI3tGpeyHS9Cq7Foc/s4EeKcg=="
      },
      "Mono.Posix.NETStandard": {
        "type": "Transitive",
        "resolved": "1.0.0",
        "contentHash": "vSN/L1uaVwKsiLa95bYu2SGkF0iY3xMblTfxc8alSziPuVfJpj3geVqHGAA75J7cZkMuKpFVikz82Lo6y6LLdA=="
      },
      "runtime.android-arm.runtime.native.System.IO.Ports": {
        "type": "Transitive",
        "resolved": "10.0.3",
        "contentHash": "6W4qZX0X7FF+PHM9Kaa5ZsTLcGJAzCU7FB4Tjy1vTg2rUIEjDqijWTtpz8vY6gBzZaG+tD0/EKUyGnfq6d/d/Q=="
      },
      "runtime.android-arm64.runtime.native.System.IO.Ports": {
        "type": "Transitive",
        "resolved": "10.0.3",
        "contentHash": "4OdNg2Du1kvm0b4tSErkA4wfH32YmgUqeSLzekk6NdCR61brCp4vttTJl0epZMwbRppXuy/jY7pV0WtP4ymnfQ=="
      },
      "runtime.android-x64.runtime.native.System.IO.Ports": {
        "type": "Transitive",
        "resolved": "10.0.3",
        "contentHash": "nP7xJSDSqRktV4kEd0kr4n0xhzJFuQjh7L/AgrKB3C4QK5TA/8NimJmTl1ogngvnXn2vilH2Hk+keBIvuoGWCA=="
      },
      "runtime.android-x86.runtime.native.System.IO.Ports": {
        "type": "Transitive",
        "resolved": "10.0.3",
        "contentHash": "f/neqijoVpgl/PcrXYeLNfCC2t74XYIcaHvtSaF3zaIdJ3hf5wrwRC9gzYLXHRLg/j4DRsCHEw8rlux/dNh7XA=="
      },
      "runtime.linux-arm.runtime.native.System.IO.Ports": {
        "type": "Transitive",
        "resolved": "10.0.3",
        "contentHash": "cwiQmy95Zd42K4kMzDt8GkXNKHWDkRZIIyb3MteRrgJKubH2DMA6VY3JiFeR+1hQ7i31Ck+dYyt8wUkElZ/NrQ=="
      },
      "runtime.linux-arm64.runtime.native.System.IO.Ports": {
        "type": "Transitive",
        "resolved": "10.0.3",
        "contentHash": "cEx+Xm0ZNPsuoYTFwXZ6qRstwXQ7vJjbb3jWzo5s5xIeEgpTDdfiUjTgK3Gl618mWgb7+Gn6Vt5pT07RxFC28Q=="
      },
      "runtime.linux-bionic-arm64.runtime.native.System.IO.Ports": {
        "type": "Transitive",
        "resolved": "10.0.3",
        "contentHash": "kB21sNzlKgTj3V/LZhnTLFuViiGKtkiUG2GdEW+z3jdeUtRoxqBBXryzMqy0oUOy5idBW2pA6bh+iLGaj+GThA=="
      },
      "runtime.linux-bionic-x64.runtime.native.System.IO.Ports": {
        "type": "Transitive",
        "resolved": "10.0.3",
        "contentHash": "/Ud7EYdpnBGJ/x7DdqVFEJOQtEcf9rsD6/1iyUBJNfhhs8JljZLewJHp1cXr1DVCaWWc9jSWIc4g+QpMct/22A=="
      },
      "runtime.linux-musl-arm.runtime.native.System.IO.Ports": {
        "type": "Transitive",
        "resolved": "10.0.3",
        "contentHash": "pBubukkmXD9e4Ju004bEHL3TE5mYahONCVwrJ5b+7/cj8smSY2H5sKTyURiVF1EfX55yORKyTyQ3dALA5yTTlg=="
      },
      "runtime.linux-musl-arm64.runtime.native.System.IO.Ports": {
        "type": "Transitive",
        "resolved": "10.0.3",
        "contentHash": "+FR6SvpZya66Wv26MVEK4l2gnjfZnBVUz675eaTcMQ/KWAy+GMaPyhRaBIMnQJf5gfuu3x1qgeAzpmeFkOPGBw=="
      },
      "runtime.linux-musl-x64.runtime.native.System.IO.Ports": {
        "type": "Transitive",
        "resolved": "10.0.3",
        "contentHash": "Ee1XnOSKgeJGBcnd7LLLkyXEbE/JcpQ3pUlbPXqugl0YD55jVubpYebzGYI+ilrnBLCRiV0BR822b2XmerIKGw=="
      },
      "runtime.linux-x64.runtime.native.System.IO.Ports": {
        "type": "Transitive",
        "resolved": "10.0.3",
        "contentHash": "U+Zr1KuBDIIwgR2gTMFbBAtkr4WnKdEXxmknPa3X8Qy6oCi4+MTRmq2zmTh7wxXQXTdmhfXg2tyy7DuVHtB+xQ=="
      },
      "runtime.maccatalyst-arm64.runtime.native.System.IO.Ports": {
        "type": "Transitive",
        "resolved": "10.0.3",
        "contentHash": "9yTgh3ZKCBTGEO4YS76g/K15s2qSdeEZDqWteixUPeRsETsuBUwUPF39Fk39OPlRgwhqEuhtHy1Hf6BSOETfAg=="
      },
      "runtime.maccatalyst-x64.runtime.native.System.IO.Ports": {
        "type": "Transitive",
        "resolved": "10.0.3",
        "contentHash": "0gxqUZYQ1T1o5VzgyEMKiSPKJtPbleF2nbjZa5QKZQvPgSlrZFL+FrW4LywIk2scOpXu+Vd5Mv8AGGV7slhYWA=="
      },
      "runtime.osx-arm64.runtime.native.System.IO.Ports": {
        "type": "Transitive",
        "resolved": "10.0.3",
        "contentHash": "qnEjXlIazxaRAhBet0EupWoJQ9PKsXjThpMKGP/ZsCjZgHEb+zs9wft82wY27OagyPOCg9D4hJHWKt5LTbJNZg=="
      },
      "runtime.osx-x64.runtime.native.System.IO.Ports": {
        "type": "Transitive",
        "resolved": "10.0.3",
        "contentHash": "L1gcOL5kcfeeujKQbqJmpeTLsT0c6DeaJ9w6PY9oZ+/WESyya+Zj7StKguXR5j93o3o86FjcN05yufpoCz7R2g=="
      },
      "System.Diagnostics.EventLog": {
        "type": "Transitive",
        "resolved": "10.0.9",
        "contentHash": "s2PcxHK4IYQ6gmD3VSBkym9tWGkFisKjcjWBdl7a+n4Yy66ae4beJ1ZdjDp060SSll4W3Rt4H2LW87dWckv+QQ=="
      },
      "System.Diagnostics.PerformanceCounter": {
        "type": "Transitive",
        "resolved": "10.0.9",
        "contentHash": "brTyfKYxhpaXyh244XpQZ6vDUtT+fEOUjYlJxZVhkiPLBPzutDCfkIkClsdEbOlv0wLH/YSeq0rMUHGGcdWK9Q==",
        "dependencies": {
          "System.Configuration.ConfigurationManager": "10.0.9"
        }
      },
      "System.IO.FileSystem.AccessControl": {
        "type": "Transitive",
        "resolved": "5.0.0",
        "contentHash": "SxHB3nuNrpptVk+vZ/F+7OHEpoHUIKKMl02bUmYHQr1r+glbZQxs7pRtsf4ENO29TVm2TH3AEeep2fJcy92oYw=="
      },
      "System.IO.Ports": {
        "type": "Transitive",
        "resolved": "10.0.3",
        "contentHash": "Zs04mZ/dQtaFQ+hpQNDtijBs+6aM9j2fQPp8zNZTfh8DboVNNv7Sw6gH00hT+PVcAhEozlfT+n59Svm6Ug8ROA==",
        "dependencies": {
          "runtime.native.System.IO.Ports": "10.0.3"
        }
      },
      "System.Management": {
        "type": "Transitive",
        "resolved": "10.0.9",
        "contentHash": "8mfTzHLlMHCqFE1+iFGzxRCeCb2gDqvRQtZthuksYB+z546QZaFCiagbJ2KXHe7dy5ZpCUg/usaIqc2DxiemPw==",
        "dependencies": {
          "System.CodeDom": "10.0.9"
        }
      }
    }
  }
}
